
Microsoft Visual Studio Solution File, Format Version 12.00
# Visual Studio Version 17
VisualStudioVersion = 17.10.35027.167
MinimumVisualStudioVersion = 10.0.40219.1
Project("{FAE04EC0-301F-11D3-BF4B-00C04F79EFBC}") = "IndividualiTransportas", "IndividualiTransportas\IndividualiTransportas.csproj", "{327E6874-D742-4953-B4E0-7BB5F53589AA}"
EndProject
Global
	GlobalSection(SolutionConfigurationPlatforms) = preSolution
		Debug|Any CPU = Debug|Any CPU
		Release|Any CPU = Release|Any CPU
	EndGlobalSection
	GlobalSection(ProjectConfigurationPlatforms) = postSolution
		{327E6874-D742-4953-B4E0-7BB5F53589AA}.Debug|Any CPU.ActiveCfg = Debug|Any CPU
		{327E6874-D742-4953-B4E0-7BB5F53589AA}.Debug|Any CPU.Build.0 = Debug|Any CPU
		{327E6874-D742-4953-B4E0-7BB5F53589AA}.Release|Any CPU.ActiveCfg = Release|Any CPU
		{327E6874-D742-4953-B4E0-7BB5F53589AA}.Release|Any CPU.Build.0 = Release|Any CPU
	EndGlobalSection
	GlobalSection(SolutionProperties) = preSolution
		HideSolutionNode = FALSE
	EndGlobalSection
	GlobalSection(ExtensibilityGlobals) = postSolution
		SolutionGuid = {48DD85F8-CEB1-4CDF-8918-97DE25F0296E}
	EndGlobalSection
EndGlobal
